
Microsoft Visual Studio Solution File, Format Version 12.00
Project("{FAE04EC0-301F-11D3-BF4B-00C04F79EFBC}") = "test_task", "test_task\test_task.csproj", "{A619C482-9CAD-4CB4-A14C-8BD372A8D35A}"
EndProject
Global
	GlobalSection(SolutionConfigurationPlatforms) = preSolution
		Debug|Any CPU = Debug|Any CPU
		Release|Any CPU = Release|Any CPU
	EndGlobalSection
	GlobalSection(ProjectConfigurationPlatforms) = postSolution
		{A619C482-9CAD-4CB4-A14C-8BD372A8D35A}.Debug|Any CPU.ActiveCfg = Debug|Any CPU
		{A619C482-9CAD-4CB4-A14C-8BD372A8D35A}.Debug|Any CPU.Build.0 = Debug|Any CPU
		{A619C482-9CAD-4CB4-A14C-8BD372A8D35A}.Release|Any CPU.ActiveCfg = Release|Any CPU
		{A619C482-9CAD-4CB4-A14C-8BD372A8D35A}.Release|Any CPU.Build.0 = Release|Any CPU
	EndGlobalSection
EndGlobal
